
Microsoft Visual Studio Solution File, Format Version 12.00
# Visual Studio Version 16
VisualStudioVersion = 16.0.30717.126
MinimumVisualStudioVersion = 10.0.40219.1
Project("{8BC9CEB8-8B4A-11D0-8D11-00A0C91BC942}") = "CPP_CHAR_BOOL", "CPP_CHAR_BOOL\CPP_CHAR_BOOL.vcxproj", "{B72F0147-5745-4DE3-91E2-7E7864CF80FA}"
EndProject
Global
	GlobalSection(SolutionConfigurationPlatforms) = preSolution
		Debug|x64 = Debug|x64
		Debug|x86 = Debug|x86
		Release|x64 = Release|x64
		Release|x86 = Release|x86
	EndGlobalSection
	GlobalSection(ProjectConfigurationPlatforms) = postSolution
		{B72F0147-5745-4DE3-91E2-7E7864CF80FA}.Debug|x64.ActiveCfg = Debug|x64
		{B72F0147-5745-4DE3-91E2-7E7864CF80FA}.Debug|x64.Build.0 = Debug|x64
		{B72F0147-5745-4DE3-91E2-7E7864CF80FA}.Debug|x86.ActiveCfg = Debug|Win32
		{B72F0147-5745-4DE3-91E2-7E7864CF80FA}.Debug|x86.Build.0 = Debug|Win32
		{B72F0147-5745-4DE3-91E2-7E7864CF80FA}.Release|x64.ActiveCfg = Release|x64
		{B72F0147-5745-4DE3-91E2-7E7864CF80FA}.Release|x64.Build.0 = Release|x64
		{B72F0147-5745-4DE3-91E2-7E7864CF80FA}.Release|x86.ActiveCfg = Release|Win32
		{B72F0147-5745-4DE3-91E2-7E7864CF80FA}.Release|x86.Build.0 = Release|Win32
	EndGlobalSection
	GlobalSection(SolutionProperties) = preSolution
		HideSolutionNode = FALSE
	EndGlobalSection
	GlobalSection(ExtensibilityGlobals) = postSolution
		SolutionGuid = {94751CE6-BB8E-4763-B771-1E51E65BF7C8}
	EndGlobalSection
EndGlobal
